// !$*UTF8*$!
{
	archiveVersion = 1;
	classes = {
	};
	objectVersion = 56;
	objects = {

/* Begin PBXBuildFile section */
		A1000001 /* PremiumIPTVApp.swift in Sources */ = {isa = PBXBuildFile; fileRef = A2000001 /* PremiumIPTVApp.swift */; };
		A1000002 /* AppNavigator.swift in Sources */ = {isa = PBXBuildFile; fileRef = A2000002 /* AppNavigator.swift */; };
		A1000003 /* DesignSystem.swift in Sources */ = {isa = PBXBuildFile; fileRef = A2000003 /* DesignSystem.swift */; };
		A1000004 /* SplashView.swift in Sources */ = {isa = PBXBuildFile; fileRef = A2000004 /* SplashView.swift */; };
		A1000005 /* LanguageSelectionView.swift in Sources */ = {isa = PBXBuildFile; fileRef = A2000005 /* LanguageSelectionView.swift */; };
		A1000006 /* SourceChoiceView.swift in Sources */ = {isa = PBXBuildFile; fileRef = A2000006 /* SourceChoiceView.swift */; };
		A1000007 /* UploadPlaylistView.swift in Sources */ = {isa = PBXBuildFile; fileRef = A2000007 /* UploadPlaylistView.swift */; };
		A1000008 /* HomeDashboardView.swift in Sources */ = {isa = PBXBuildFile; fileRef = A2000008 /* HomeDashboardView.swift */; };
		A1000009 /* ChannelCardView.swift in Sources */ = {isa = PBXBuildFile; fileRef = A2000009 /* ChannelCardView.swift */; };
		A1000010 /* VideoPlayerView.swift in Sources */ = {isa = PBXBuildFile; fileRef = A2000010 /* VideoPlayerView.swift */; };
		A1000011 /* Channel.swift in Sources */ = {isa = PBXBuildFile; fileRef = A2000011 /* Channel.swift */; };
		A1000012 /* ChannelRepository.swift in Sources */ = {isa = PBXBuildFile; fileRef = A2000012 /* ChannelRepository.swift */; };
		A1000013 /* M3UParser.swift in Sources */ = {isa = PBXBuildFile; fileRef = A2000013 /* M3UParser.swift */; };
		A1000014 /* AppPreferences.swift in Sources */ = {isa = PBXBuildFile; fileRef = A2000014 /* AppPreferences.swift */; };
		A1000020 /* AVFoundation.framework in Frameworks */ = {isa = PBXBuildFile; fileRef = A2000020 /* AVFoundation.framework */; };
		A1000021 /* AVKit.framework in Frameworks */ = {isa = PBXBuildFile; fileRef = A2000021 /* AVKit.framework */; };
/* End PBXBuildFile section */

/* Begin PBXFileReference section */
		A2000001 /* PremiumIPTVApp.swift */ = {isa = PBXFileReference; lastKnownFileType = sourcecode.swift; path = PremiumIPTVApp.swift; sourceTree = "<group>"; };
		A2000002 /* AppNavigator.swift */ = {isa = PBXFileReference; lastKnownFileType = sourcecode.swift; path = AppNavigator.swift; sourceTree = "<group>"; };
		A2000003 /* DesignSystem.swift */ = {isa = PBXFileReference; lastKnownFileType = sourcecode.swift; path = DesignSystem.swift; sourceTree = "<group>"; };
		A2000004 /* SplashView.swift */ = {isa = PBXFileReference; lastKnownFileType = sourcecode.swift; path = SplashView.swift; sourceTree = "<group>"; };
		A2000005 /* LanguageSelectionView.swift */ = {isa = PBXFileReference; lastKnownFileType = sourcecode.swift; path = LanguageSelectionView.swift; sourceTree = "<group>"; };
		A2000006 /* SourceChoiceView.swift */ = {isa = PBXFileReference; lastKnownFileType = sourcecode.swift; path = SourceChoiceView.swift; sourceTree = "<group>"; };
		A2000007 /* UploadPlaylistView.swift */ = {isa = PBXFileReference; lastKnownFileType = sourcecode.swift; path = UploadPlaylistView.swift; sourceTree = "<group>"; };
		A2000008 /* HomeDashboardView.swift */ = {isa = PBXFileReference; lastKnownFileType = sourcecode.swift; path = HomeDashboardView.swift; sourceTree = "<group>"; };
		A2000009 /* ChannelCardView.swift */ = {isa = PBXFileReference; lastKnownFileType = sourcecode.swift; path = ChannelCardView.swift; sourceTree = "<group>"; };
		A2000010 /* VideoPlayerView.swift */ = {isa = PBXFileReference; lastKnownFileType = sourcecode.swift; path = VideoPlayerView.swift; sourceTree = "<group>"; };
		A2000011 /* Channel.swift */ = {isa = PBXFileReference; lastKnownFileType = sourcecode.swift; path = Channel.swift; sourceTree = "<group>"; };
		A2000012 /* ChannelRepository.swift */ = {isa = PBXFileReference; lastKnownFileType = sourcecode.swift; path = ChannelRepository.swift; sourceTree = "<group>"; };
		A2000013 /* M3UParser.swift */ = {isa = PBXFileReference; lastKnownFileType = sourcecode.swift; path = M3UParser.swift; sourceTree = "<group>"; };
		A2000014 /* AppPreferences.swift */ = {isa = PBXFileReference; lastKnownFileType = sourcecode.swift; path = AppPreferences.swift; sourceTree = "<group>"; };
		A2000015 /* Info.plist */ = {isa = PBXFileReference; lastKnownFileType = text.plist.xml; path = Info.plist; sourceTree = "<group>"; };
		A2000016 /* PremiumIPTV.app */ = {isa = PBXFileReference; explicitFileType = wrapper.application; includeInIndex = 0; path = PremiumIPTV.app; sourceTree = BUILT_PRODUCTS_DIR; };
		A2000020 /* AVFoundation.framework */ = {isa = PBXFileReference; lastKnownFileType = wrapper.framework; name = AVFoundation.framework; path = System/Library/Frameworks/AVFoundation.framework; sourceTree = SDKROOT; };
		A2000021 /* AVKit.framework */ = {isa = PBXFileReference; lastKnownFileType = wrapper.framework; name = AVKit.framework; path = System/Library/Frameworks/AVKit.framework; sourceTree = SDKROOT; };
/* End PBXFileReference section */

/* Begin PBXFrameworksBuildPhase section */
		A3000001 /* Frameworks */ = {
			isa = PBXFrameworksBuildPhase;
			buildActionMask = 2147483647;
			files = (
				A1000020 /* AVFoundation.framework in Frameworks */,
				A1000021 /* AVKit.framework in Frameworks */,
			);
			runOnlyForDeploymentPostprocessing = 0;
		};
/* End PBXFrameworksBuildPhase section */

/* Begin PBXGroup section */
		A4000000 /* root */ = {
			isa = PBXGroup;
			children = (
				A4000001 /* PremiumIPTV */,
				A4000002 /* Frameworks */,
				A4000003 /* Products */,
			);
			sourceTree = "<group>";
		};
		A4000001 /* PremiumIPTV */ = {
			isa = PBXGroup;
			children = (
				A2000001 /* PremiumIPTVApp.swift */,
				A2000015 /* Info.plist */,
				A4000010 /* Views */,
				A4000011 /* Models */,
				A4000012 /* Database */,
				A4000013 /* Parsing */,
				A4000014 /* Preferences */,
			);
			path = PremiumIPTV;
			sourceTree = "<group>";
		};
		A4000010 /* Views */ = {
			isa = PBXGroup;
			children = (
				A2000002 /* AppNavigator.swift */,
				A2000003 /* DesignSystem.swift */,
				A2000004 /* SplashView.swift */,
				A2000005 /* LanguageSelectionView.swift */,
				A2000006 /* SourceChoiceView.swift */,
				A2000007 /* UploadPlaylistView.swift */,
				A2000008 /* HomeDashboardView.swift */,
				A2000009 /* ChannelCardView.swift */,
				A4000015 /* Player */,
			);
			path = Views;
			sourceTree = "<group>";
		};
		A4000015 /* Player */ = {
			isa = PBXGroup;
			children = (
				A2000010 /* VideoPlayerView.swift */,
			);
			path = Player;
			sourceTree = "<group>";
		};
		A4000011 /* Models */ = {
			isa = PBXGroup;
			children = (
				A2000011 /* Channel.swift */,
			);
			path = Models;
			sourceTree = "<group>";
		};
		A4000012 /* Database */ = {
			isa = PBXGroup;
			children = (
				A2000012 /* ChannelRepository.swift */,
			);
			path = Database;
			sourceTree = "<group>";
		};
		A4000013 /* Parsing */ = {
			isa = PBXGroup;
			children = (
				A2000013 /* M3UParser.swift */,
			);
			path = Parsing;
			sourceTree = "<group>";
		};
		A4000014 /* Preferences */ = {
			isa = PBXGroup;
			children = (
				A2000014 /* AppPreferences.swift */,
			);
			path = Preferences;
			sourceTree = "<group>";
		};
		A4000002 /* Frameworks */ = {
			isa = PBXGroup;
			children = (
				A2000020 /* AVFoundation.framework */,
				A2000021 /* AVKit.framework */,
			);
			name = Frameworks;
			sourceTree = "<group>";
		};
		A4000003 /* Products */ = {
			isa = PBXGroup;
			children = (
				A2000016 /* PremiumIPTV.app */,
			);
			name = Products;
			sourceTree = "<group>";
		};
/* End PBXGroup section */

/* Begin PBXNativeTarget section */
		A5000001 /* PremiumIPTV */ = {
			isa = PBXNativeTarget;
			buildConfigurationList = A6000001 /* Build configuration list for PBXNativeTarget "PremiumIPTV" */;
			buildPhases = (
				A3000002 /* Sources */,
				A3000001 /* Frameworks */,
				A3000003 /* Resources */,
			);
			buildRules = (
			);
			dependencies = (
			);
			name = PremiumIPTV;
			productName = PremiumIPTV;
			productReference = A2000016 /* PremiumIPTV.app */;
			productType = "com.apple.product-type.application";
		};
/* End PBXNativeTarget section */

/* Begin PBXProject section */
		A7000001 /* Project object */ = {
			isa = PBXProject;
			attributes = {
				BuildIndependentTargetsInParallel = 1;
				LastSwiftUpdateCheck = 1500;
				LastUpgradeCheck = 1500;
				TargetAttributes = {
					A5000001 = {
						CreatedOnToolsVersion = 15.0;
					};
				};
			};
			buildConfigurationList = A6000002 /* Build configuration list for PBXProject "PremiumIPTV" */;
			compatibilityVersion = "Xcode 14.0";
			developmentRegion = en;
			hasScannedForEncodings = 0;
			knownRegions = (
				en,
				ar,
				Base,
			);
			mainGroup = A4000000;
			productRefGroup = A4000003 /* Products */;
			projectDirPath = "";
			projectRoot = "";
			targets = (
				A5000001 /* PremiumIPTV */,
			);
		};
/* End PBXProject section */

/* Begin PBXResourcesBuildPhase section */
		A3000003 /* Resources */ = {
			isa = PBXResourcesBuildPhase;
			buildActionMask = 2147483647;
			files = (
			);
			runOnlyForDeploymentPostprocessing = 0;
		};
/* End PBXResourcesBuildPhase section */

/* Begin PBXSourcesBuildPhase section */
		A3000002 /* Sources */ = {
			isa = PBXSourcesBuildPhase;
			buildActionMask = 2147483647;
			files = (
				A1000001 /* PremiumIPTVApp.swift in Sources */,
				A1000002 /* AppNavigator.swift in Sources */,
				A1000003 /* DesignSystem.swift in Sources */,
				A1000004 /* SplashView.swift in Sources */,
				A1000005 /* LanguageSelectionView.swift in Sources */,
				A1000006 /* SourceChoiceView.swift in Sources */,
				A1000007 /* UploadPlaylistView.swift in Sources */,
				A1000008 /* HomeDashboardView.swift in Sources */,
				A1000009 /* ChannelCardView.swift in Sources */,
				A1000010 /* VideoPlayerView.swift in Sources */,
				A1000011 /* Channel.swift in Sources */,
				A1000012 /* ChannelRepository.swift in Sources */,
				A1000013 /* M3UParser.swift in Sources */,
				A1000014 /* AppPreferences.swift in Sources */,
			);
			runOnlyForDeploymentPostprocessing = 0;
		};
/* End PBXSourcesBuildPhase section */

/* Begin XCBuildConfiguration section */
		A6000010 /* Debug */ = {
			isa = XCBuildConfiguration;
			buildSettings = {
				ALWAYS_SEARCH_USER_PATHS = NO;
				ASSETCATALOG_COMPILER_GENERATE_SWIFT_ASSET_SYMBOL_EXTENSIONS = YES;
				CLANG_ANALYZER_NONNULL = YES;
				CLANG_CXX_LANGUAGE_STANDARD = "gnu++20";
				CLANG_ENABLE_MODULES = YES;
				CLANG_ENABLE_OBJC_ARC = YES;
				CLANG_ENABLE_OBJC_WEAK = YES;
				COPY_PHASE_STRIP = NO;
				DEBUG_INFORMATION_FORMAT = dwarf;
				ENABLE_STRICT_OBJC_MSGSEND = YES;
				ENABLE_TESTABILITY = YES;
				GCC_C_LANGUAGE_STANDARD = gnu17;
				GCC_DYNAMIC_NO_PIC = NO;
				GCC_NO_COMMON_BLOCKS = YES;
				GCC_OPTIMIZATION_LEVEL = 0;
				GCC_PREPROCESSOR_DEFINITIONS = (
					"DEBUG=1",
					"$(inherited)",
				);
				MTL_ENABLE_DEBUG_INFO = INCLUDE_SOURCE;
				MTL_FAST_MATH = YES;
				ONLY_ACTIVE_ARCH = YES;
				SDKROOT = iphoneos;
				SWIFT_ACTIVE_COMPILATION_CONDITIONS = DEBUG;
				SWIFT_OPTIMIZATION_LEVEL = "-Onone";
			};
			name = Debug;
		};
		A6000011 /* Release */ = {
			isa = XCBuildConfiguration;
			buildSettings = {
				ALWAYS_SEARCH_USER_PATHS = NO;
				ASSETCATALOG_COMPILER_GENERATE_SWIFT_ASSET_SYMBOL_EXTENSIONS = YES;
				CLANG_ANALYZER_NONNULL = YES;
				CLANG_CXX_LANGUAGE_STANDARD = "gnu++20";
				CLANG_ENABLE_MODULES = YES;
				CLANG_ENABLE_OBJC_ARC = YES;
				CLANG_ENABLE_OBJC_WEAK = YES;
				COPY_PHASE_STRIP = NO;
				DEBUG_INFORMATION_FORMAT = "dwarf-with-dsym";
				ENABLE_NS_ASSERTIONS = NO;
				ENABLE_STRICT_OBJC_MSGSEND = YES;
				GCC_C_LANGUAGE_STANDARD = gnu17;
				GCC_NO_COMMON_BLOCKS = YES;
				MTL_FAST_MATH = YES;
				SDKROOT = iphoneos;
				SWIFT_COMPILATION_MODE = wholemodule;
				SWIFT_OPTIMIZATION_LEVEL = "-O";
			};
			name = Release;
		};
		A6000020 /* Debug */ = {
			isa = XCBuildConfiguration;
			buildSettings = {
				ASSETCATALOG_COMPILER_APPICON_NAME = AppIcon;
				ASSETCATALOG_COMPILER_GLOBAL_ACCENT_COLOR_NAME = AccentColor;
				CODE_SIGN_IDENTITY = "";
				CODE_SIGN_STYLE = Manual;
				CODE_SIGNING_ALLOWED = NO;
				CODE_SIGNING_REQUIRED = NO;
				CURRENT_PROJECT_VERSION = 1;
				DEVELOPMENT_TEAM = "";
				GENERATE_INFOPLIST_FILE = NO;
				INFOPLIST_FILE = PremiumIPTV/Info.plist;
				IPHONEOS_DEPLOYMENT_TARGET = 16.0;
				LD_RUNPATH_SEARCH_PATHS = (
					"$(inherited)",
					"@executable_path/Frameworks",
				);
				MARKETING_VERSION = 1.0;
				PRODUCT_BUNDLE_IDENTIFIER = com.c0derz.premiumiptv;
				PRODUCT_NAME = "$(TARGET_NAME)";
				SDKROOT = iphoneos;
				SWIFT_EMIT_LOC_STRINGS = YES;
				SWIFT_VERSION = 5.0;
				TARGETED_DEVICE_FAMILY = "1,2";
			};
			name = Debug;
		};
		A6000021 /* Release */ = {
			isa = XCBuildConfiguration;
			buildSettings = {
				ASSETCATALOG_COMPILER_APPICON_NAME = AppIcon;
				ASSETCATALOG_COMPILER_GLOBAL_ACCENT_COLOR_NAME = AccentColor;
				CODE_SIGN_IDENTITY = "";
				CODE_SIGN_STYLE = Manual;
				CODE_SIGNING_ALLOWED = NO;
				CODE_SIGNING_REQUIRED = NO;
				CURRENT_PROJECT_VERSION = 1;
				DEVELOPMENT_TEAM = "";
				GENERATE_INFOPLIST_FILE = NO;
				INFOPLIST_FILE = PremiumIPTV/Info.plist;
				IPHONEOS_DEPLOYMENT_TARGET = 16.0;
				LD_RUNPATH_SEARCH_PATHS = (
					"$(inherited)",
					"@executable_path/Frameworks",
				);
				MARKETING_VERSION = 1.0;
				PRODUCT_BUNDLE_IDENTIFIER = com.c0derz.premiumiptv;
				PRODUCT_NAME = "$(TARGET_NAME)";
				SDKROOT = iphoneos;
				SWIFT_EMIT_LOC_STRINGS = YES;
				SWIFT_VERSION = 5.0;
				TARGETED_DEVICE_FAMILY = "1,2";
			};
			name = Release;
		};
/* End XCBuildConfiguration section */

/* Begin XCConfigurationList section */
		A6000001 /* Build configuration list for PBXNativeTarget "PremiumIPTV" */ = {
			isa = XCConfigurationList;
			buildConfigurations = (
				A6000020 /* Debug */,
				A6000021 /* Release */,
			);
			defaultConfigurationIsVisible = 0;
			defaultConfigurationName = Release;
		};
		A6000002 /* Build configuration list for PBXProject "PremiumIPTV" */ = {
			isa = XCConfigurationList;
			buildConfigurations = (
				A6000010 /* Debug */,
				A6000011 /* Release */,
			);
			defaultConfigurationIsVisible = 0;
			defaultConfigurationName = Release;
		};
/* End XCConfigurationList section */

	};
	rootObject = A7000001 /* Project object */;
}
